
Microsoft Visual Studio Solution File, Format Version 12.00
Project("{FAE04EC0-301F-11D3-BF4B-00C04F79EFBC}") = "BlazorLocalizer", "BlazorLocalizer\BlazorLocalizer.csproj", "{A67871AF-62BE-4241-94BF-082695BECD69}"
EndProject
Project("{FAE04EC0-301F-11D3-BF4B-00C04F79EFBC}") = "BlazorLocalizerTests", "BlazorLocalizerTests\BlazorLocalizerTests.csproj", "{27AAAAA4-88A5-41FD-A8DD-710316E03803}"
EndProject
Global
	GlobalSection(SolutionConfigurationPlatforms) = preSolution
		Debug|Any CPU = Debug|Any CPU
		Release|Any CPU = Release|Any CPU
	EndGlobalSection
	GlobalSection(ProjectConfigurationPlatforms) = postSolution
		{A67871AF-62BE-4241-94BF-082695BECD69}.Debug|Any CPU.ActiveCfg = Debug|Any CPU
		{A67871AF-62BE-4241-94BF-082695BECD69}.Debug|Any CPU.Build.0 = Debug|Any CPU
		{A67871AF-62BE-4241-94BF-082695BECD69}.Release|Any CPU.ActiveCfg = Release|Any CPU
		{A67871AF-62BE-4241-94BF-082695BECD69}.Release|Any CPU.Build.0 = Release|Any CPU
		{27AAAAA4-88A5-41FD-A8DD-710316E03803}.Debug|Any CPU.ActiveCfg = Debug|Any CPU
		{27AAAAA4-88A5-41FD-A8DD-710316E03803}.Debug|Any CPU.Build.0 = Debug|Any CPU
		{27AAAAA4-88A5-41FD-A8DD-710316E03803}.Release|Any CPU.ActiveCfg = Release|Any CPU
		{27AAAAA4-88A5-41FD-A8DD-710316E03803}.Release|Any CPU.Build.0 = Release|Any CPU
	EndGlobalSection
EndGlobal
